
Microsoft Visual Studio Solution File, Format Version 12.00
# Visual Studio 15
VisualStudioVersion = 15.0.27703.2035
MinimumVisualStudioVersion = 10.0.40219.1
Project("{9A19103F-16F7-4668-BE54-9A1E7A4F7556}") = "RabbitMQExtensions", "RabbitMQClientSimplePackage\RabbitMQExtensions.csproj", "{8ED57FEA-960C-46B7-832B-0A77ABBFEEF8}"
EndProject
Project("{9A19103F-16F7-4668-BE54-9A1E7A4F7556}") = "Order", "Order\Order.csproj", "{25400773-5101-4B78-B947-515B994144DA}"
EndProject
Project("{9A19103F-16F7-4668-BE54-9A1E7A4F7556}") = "OrderCommon", "OrderCommon\OrderCommon.csproj", "{1A148F1B-66B5-4155-AB22-7672DA9932AC}"
EndProject
Project("{9A19103F-16F7-4668-BE54-9A1E7A4F7556}") = "OrderDal", "OrderDal\OrderDal.csproj", "{3887270C-7279-4C85-A802-0CD22EAE6F55}"
EndProject
Project("{9A19103F-16F7-4668-BE54-9A1E7A4F7556}") = "OrderService", "OrderService\OrderService.csproj", "{6BACAC7D-CD08-4833-982C-E19B15032DF1}"
EndProject
Project("{FAE04EC0-301F-11D3-BF4B-00C04F79EFBC}") = "LogExtensions", "LogExtensions\LogExtensions.csproj", "{037693A9-44DD-4045-939F-8168A6DD2247}"
EndProject
Project("{FAE04EC0-301F-11D3-BF4B-00C04F79EFBC}") = "HangFire.Service", "HangFire.Service\HangFire.Service.csproj", "{407A72B0-891A-4C3A-A61D-F6AF2FBF0BEE}"
EndProject
Project("{FAE04EC0-301F-11D3-BF4B-00C04F79EFBC}") = "HangfireExtensions", "HangfireExtensions\HangfireExtensions.csproj", "{9186F7F0-8966-479A-90E3-3184D0268091}"
EndProject
Global
	GlobalSection(SolutionConfigurationPlatforms) = preSolution
		Debug|Any CPU = Debug|Any CPU
		Release|Any CPU = Release|Any CPU
	EndGlobalSection
	GlobalSection(ProjectConfigurationPlatforms) = postSolution
		{8ED57FEA-960C-46B7-832B-0A77ABBFEEF8}.Debug|Any CPU.ActiveCfg = Debug|Any CPU
		{8ED57FEA-960C-46B7-832B-0A77ABBFEEF8}.Debug|Any CPU.Build.0 = Debug|Any CPU
		{8ED57FEA-960C-46B7-832B-0A77ABBFEEF8}.Release|Any CPU.ActiveCfg = Release|Any CPU
		{8ED57FEA-960C-46B7-832B-0A77ABBFEEF8}.Release|Any CPU.Build.0 = Release|Any CPU
		{25400773-5101-4B78-B947-515B994144DA}.Debug|Any CPU.ActiveCfg = Debug|Any CPU
		{25400773-5101-4B78-B947-515B994144DA}.Debug|Any CPU.Build.0 = Debug|Any CPU
		{25400773-5101-4B78-B947-515B994144DA}.Release|Any CPU.ActiveCfg = Release|Any CPU
		{25400773-5101-4B78-B947-515B994144DA}.Release|Any CPU.Build.0 = Release|Any CPU
		{1A148F1B-66B5-4155-AB22-7672DA9932AC}.Debug|Any CPU.ActiveCfg = Debug|Any CPU
		{1A148F1B-66B5-4155-AB22-7672DA9932AC}.Debug|Any CPU.Build.0 = Debug|Any CPU
		{1A148F1B-66B5-4155-AB22-7672DA9932AC}.Release|Any CPU.ActiveCfg = Release|Any CPU
		{1A148F1B-66B5-4155-AB22-7672DA9932AC}.Release|Any CPU.Build.0 = Release|Any CPU
		{3887270C-7279-4C85-A802-0CD22EAE6F55}.Debug|Any CPU.ActiveCfg = Debug|Any CPU
		{3887270C-7279-4C85-A802-0CD22EAE6F55}.Debug|Any CPU.Build.0 = Debug|Any CPU
		{3887270C-7279-4C85-A802-0CD22EAE6F55}.Release|Any CPU.ActiveCfg = Release|Any CPU
		{3887270C-7279-4C85-A802-0CD22EAE6F55}.Release|Any CPU.Build.0 = Release|Any CPU
		{6BACAC7D-CD08-4833-982C-E19B15032DF1}.Debug|Any CPU.ActiveCfg = Debug|Any CPU
		{6BACAC7D-CD08-4833-982C-E19B15032DF1}.Debug|Any CPU.Build.0 = Debug|Any CPU
		{6BACAC7D-CD08-4833-982C-E19B15032DF1}.Release|Any CPU.ActiveCfg = Release|Any CPU
		{6BACAC7D-CD08-4833-982C-E19B15032DF1}.Release|Any CPU.Build.0 = Release|Any CPU
		{037693A9-44DD-4045-939F-8168A6DD2247}.Debug|Any CPU.ActiveCfg = Debug|Any CPU
		{037693A9-44DD-4045-939F-8168A6DD2247}.Debug|Any CPU.Build.0 = Debug|Any CPU
		{037693A9-44DD-4045-939F-8168A6DD2247}.Release|Any CPU.ActiveCfg = Release|Any CPU
		{037693A9-44DD-4045-939F-8168A6DD2247}.Release|Any CPU.Build.0 = Release|Any CPU
		{407A72B0-891A-4C3A-A61D-F6AF2FBF0BEE}.Debug|Any CPU.ActiveCfg = Debug|Any CPU
		{407A72B0-891A-4C3A-A61D-F6AF2FBF0BEE}.Debug|Any CPU.Build.0 = Debug|Any CPU
		{407A72B0-891A-4C3A-A61D-F6AF2FBF0BEE}.Release|Any CPU.ActiveCfg = Release|Any CPU
		{407A72B0-891A-4C3A-A61D-F6AF2FBF0BEE}.Release|Any CPU.Build.0 = Release|Any CPU
		{9186F7F0-8966-479A-90E3-3184D0268091}.Debug|Any CPU.ActiveCfg = Debug|Any CPU
		{9186F7F0-8966-479A-90E3-3184D0268091}.Debug|Any CPU.Build.0 = Debug|Any CPU
		{9186F7F0-8966-479A-90E3-3184D0268091}.Release|Any CPU.ActiveCfg = Release|Any CPU
		{9186F7F0-8966-479A-90E3-3184D0268091}.Release|Any CPU.Build.0 = Release|Any CPU
	EndGlobalSection
	GlobalSection(SolutionProperties) = preSolution
		HideSolutionNode = FALSE
	EndGlobalSection
	GlobalSection(ExtensibilityGlobals) = postSolution
		SolutionGuid = {2614A1F1-6B9C-4F87-AC96-16475D464421}
	EndGlobalSection
EndGlobal
